
Microsoft Visual Studio Solution File, Format Version 12.00
# Visual Studio Version 17
VisualStudioVersion = 17.3.32804.467
MinimumVisualStudioVersion = 10.0.40219.1
Project("{FAE04EC0-301F-11D3-BF4B-00C04F79EFBC}") = "DomaciURIS", "DomaciURIS\DomaciURIS.csproj", "{174C38A2-87D7-4B20-9A7A-A7A8C5C8CBF4}"
EndProject
Global
	GlobalSection(SolutionConfigurationPlatforms) = preSolution
		Debug|Any CPU = Debug|Any CPU
		Release|Any CPU = Release|Any CPU
	EndGlobalSection
	GlobalSection(ProjectConfigurationPlatforms) = postSolution
		{174C38A2-87D7-4B20-9A7A-A7A8C5C8CBF4}.Debug|Any CPU.ActiveCfg = Debug|Any CPU
		{174C38A2-87D7-4B20-9A7A-A7A8C5C8CBF4}.Debug|Any CPU.Build.0 = Debug|Any CPU
		{174C38A2-87D7-4B20-9A7A-A7A8C5C8CBF4}.Release|Any CPU.ActiveCfg = Release|Any CPU
		{174C38A2-87D7-4B20-9A7A-A7A8C5C8CBF4}.Release|Any CPU.Build.0 = Release|Any CPU
	EndGlobalSection
	GlobalSection(SolutionProperties) = preSolution
		HideSolutionNode = FALSE
	EndGlobalSection
	GlobalSection(ExtensibilityGlobals) = postSolution
		SolutionGuid = {64BBCCFC-5BDF-43F0-9E3F-C1EF3FBED1A8}
	EndGlobalSection
EndGlobal
